
Microsoft Visual Studio Solution File, Format Version 12.00
# Visual Studio 2012
Project("{FAE04EC0-301F-11D3-BF4B-00C04F79EFBC}") = "ConferenceWebPack", "ConferenceWebPack\ConferenceWebPack.csproj", "{18B4CA0F-D309-49FF-B700-5A4AB2924271}"
EndProject
Project("{FAE04EC0-301F-11D3-BF4B-00C04F79EFBC}") = "ConferenceWebApi", "ConferenceWebApi\ConferenceWebApi.csproj", "{1EBD2C58-17FB-4473-9D61-C5F84664B141}"
EndProject
Project("{FAE04EC0-301F-11D3-BF4B-00C04F79EFBC}") = "NdcOwinHost", "NDCOwinHost\NdcOwinHost.csproj", "{B4CFA99D-B355-4436-9AFA-BE5D961E1689}"
EndProject
Project("{FAE04EC0-301F-11D3-BF4B-00C04F79EFBC}") = "ConferenceWebPack45", "ConferenceWebPack45\ConferenceWebPack45.csproj", "{7C15619A-E248-47AF-9A55-331B64737BFC}"
EndProject
Global
	GlobalSection(SolutionConfigurationPlatforms) = preSolution
		Debug|Any CPU = Debug|Any CPU
		Release|Any CPU = Release|Any CPU
	EndGlobalSection
	GlobalSection(ProjectConfigurationPlatforms) = postSolution
		{18B4CA0F-D309-49FF-B700-5A4AB2924271}.Debug|Any CPU.ActiveCfg = Debug|Any CPU
		{18B4CA0F-D309-49FF-B700-5A4AB2924271}.Debug|Any CPU.Build.0 = Debug|Any CPU
		{18B4CA0F-D309-49FF-B700-5A4AB2924271}.Release|Any CPU.ActiveCfg = Release|Any CPU
		{18B4CA0F-D309-49FF-B700-5A4AB2924271}.Release|Any CPU.Build.0 = Release|Any CPU
		{1EBD2C58-17FB-4473-9D61-C5F84664B141}.Debug|Any CPU.ActiveCfg = Debug|Any CPU
		{1EBD2C58-17FB-4473-9D61-C5F84664B141}.Debug|Any CPU.Build.0 = Debug|Any CPU
		{1EBD2C58-17FB-4473-9D61-C5F84664B141}.Release|Any CPU.ActiveCfg = Release|Any CPU
		{1EBD2C58-17FB-4473-9D61-C5F84664B141}.Release|Any CPU.Build.0 = Release|Any CPU
		{B4CFA99D-B355-4436-9AFA-BE5D961E1689}.Debug|Any CPU.ActiveCfg = Debug|Any CPU
		{B4CFA99D-B355-4436-9AFA-BE5D961E1689}.Debug|Any CPU.Build.0 = Debug|Any CPU
		{B4CFA99D-B355-4436-9AFA-BE5D961E1689}.Release|Any CPU.ActiveCfg = Release|Any CPU
		{B4CFA99D-B355-4436-9AFA-BE5D961E1689}.Release|Any CPU.Build.0 = Release|Any CPU
		{7C15619A-E248-47AF-9A55-331B64737BFC}.Debug|Any CPU.ActiveCfg = Debug|Any CPU
		{7C15619A-E248-47AF-9A55-331B64737BFC}.Debug|Any CPU.Build.0 = Debug|Any CPU
		{7C15619A-E248-47AF-9A55-331B64737BFC}.Release|Any CPU.ActiveCfg = Release|Any CPU
		{7C15619A-E248-47AF-9A55-331B64737BFC}.Release|Any CPU.Build.0 = Release|Any CPU
	EndGlobalSection
	GlobalSection(SolutionProperties) = preSolution
		HideSolutionNode = FALSE
	EndGlobalSection
EndGlobal
